
Microsoft Visual Studio Solution File, Format Version 12.00
# Visual Studio Version 16
VisualStudioVersion = 16.0.32407.337
MinimumVisualStudioVersion = 10.0.40219.1
Project("{9A19103F-16F7-4668-BE54-9A1E7A4F7556}") = "DistanceCalculation", "DistanceCalculation\DistanceCalculation.csproj", "{FB40E7EB-BA43-4597-8BF1-1887742ACF22}"
EndProject
Global
	GlobalSection(SolutionConfigurationPlatforms) = preSolution
		Debug|Any CPU = Debug|Any CPU
		Release|Any CPU = Release|Any CPU
	EndGlobalSection
	GlobalSection(ProjectConfigurationPlatforms) = postSolution
		{FB40E7EB-BA43-4597-8BF1-1887742ACF22}.Debug|Any CPU.ActiveCfg = Debug|Any CPU
		{FB40E7EB-BA43-4597-8BF1-1887742ACF22}.Debug|Any CPU.Build.0 = Debug|Any CPU
		{FB40E7EB-BA43-4597-8BF1-1887742ACF22}.Release|Any CPU.ActiveCfg = Release|Any CPU
		{FB40E7EB-BA43-4597-8BF1-1887742ACF22}.Release|Any CPU.Build.0 = Release|Any CPU
	EndGlobalSection
	GlobalSection(SolutionProperties) = preSolution
		HideSolutionNode = FALSE
	EndGlobalSection
	GlobalSection(ExtensibilityGlobals) = postSolution
		SolutionGuid = {52A55F00-30EC-4508-AB38-A69A4740B488}
	EndGlobalSection
EndGlobal
